
Microsoft Visual Studio Solution File, Format Version 12.00
# Visual Studio Version 17
VisualStudioVersion = 17.14.36623.8 d17.14
MinimumVisualStudioVersion = 10.0.40219.1
Project("{FAE04EC0-301F-11D3-BF4B-00C04F79EFBC}") = "Back-Proyecto", "Back-Proyecto\Back-Proyecto.csproj", "{6B39FB8E-08DC-4B84-91F7-9CE01EBC3F44}"
EndProject
Global
	GlobalSection(SolutionConfigurationPlatforms) = preSolution
		Debug|Any CPU = Debug|Any CPU
		Release|Any CPU = Release|Any CPU
	EndGlobalSection
	GlobalSection(ProjectConfigurationPlatforms) = postSolution
		{6B39FB8E-08DC-4B84-91F7-9CE01EBC3F44}.Debug|Any CPU.ActiveCfg = Debug|Any CPU
		{6B39FB8E-08DC-4B84-91F7-9CE01EBC3F44}.Debug|Any CPU.Build.0 = Debug|Any CPU
		{6B39FB8E-08DC-4B84-91F7-9CE01EBC3F44}.Release|Any CPU.ActiveCfg = Release|Any CPU
		{6B39FB8E-08DC-4B84-91F7-9CE01EBC3F44}.Release|Any CPU.Build.0 = Release|Any CPU
	EndGlobalSection
	GlobalSection(SolutionProperties) = preSolution
		HideSolutionNode = FALSE
	EndGlobalSection
	GlobalSection(ExtensibilityGlobals) = postSolution
		SolutionGuid = {713E23FD-41E6-4A65-8690-6FC92B43C288}
	EndGlobalSection
EndGlobal
